github.com/mateusf777/pubsub v0.0.6-0.20250118214130-22599341119e h1:H53Z7gjJ1tLphr/UjopjKP0lZurd16F1RNtPtsnNHiM=
github.com/mateusf777/pubsub v0.0.6-0.20250118214130-22599341119e/go.mod h1:6hUUf1kWWnLOBTphpO5a+fW6sd6paJGOK/6HiwClrqc=
github.com/mateusf777/pubsub v0.0.6 h1:pczQpSKMTUaJB7L9O97O9MR1Qh9eqZ99UcSrEkHn82Y=
github.com/mateusf777/pubsub v0.0.6/go.mod h1:6hUUf1kWWnLOBTphpO5a+fW6sd6paJGOK/6HiwClrqc=
