github.com/mateusf777/pubsub/client v0.1.4 h1:9L+NjKDvM6K6nXk1CkEmuWmq9wzLSDUnCGc2NbjtwMs=
github.com/mateusf777/pubsub/client v0.1.4/go.mod h1:xVH74p9l5R6GOtC9CvjSbQCzdrYdUzWtByNzs1YYL6c=
github.com/mateusf777/pubsub/core v0.1.3 h1:LjcAyg9EJsk+iAOQNgqyI+4U7yo7+pNkWd058SsBy8I=
github.com/mateusf777/pubsub/core v0.1.3/go.mod h1:dZSUcXVZmTdhBqhEKTqRN5adeCgfJ22StDfjqw3V3Tg=
