github.com/mateusf777/pubsub/client v0.1.1 h1:spXCdwx0i+Kk+CgYmEmzg1rgKr2igEWZtpUNmwTztvk=
github.com/mateusf777/pubsub/client v0.1.1/go.mod h1:FuebRVt5BGXnyDfTbJVGvuJvorYf6WX/rA3//BWpybM=
github.com/mateusf777/pubsub/core v0.1.0 h1:8XpILOLmiJQtvFTywKLiFK/gfHRyECBSa/rG/CesJUw=
github.com/mateusf777/pubsub/core v0.1.0/go.mod h1:dZSUcXVZmTdhBqhEKTqRN5adeCgfJ22StDfjqw3V3Tg=
