github.com/mateusf777/pubsub/client v0.1.3 h1:qlmp0buiu/Txc44N8OvEVdyKv/JDG6RQeMb8WReqrGU=
github.com/mateusf777/pubsub/client v0.1.3/go.mod h1:RZI9LW0Vc/cPxeDpabNtPU13zO4H2M2EFIJCbpXvttI=
github.com/mateusf777/pubsub/core v0.1.2 h1:lgZPh9K+kPSGMKj4k+00MFla00yPizPtIECVdEIxwF8=
github.com/mateusf777/pubsub/core v0.1.2/go.mod h1:dZSUcXVZmTdhBqhEKTqRN5adeCgfJ22StDfjqw3V3Tg=
